
Microsoft Visual Studio Solution File, Format Version 12.00
# Visual Studio Version 17
VisualStudioVersion = 17.0.32002.185
MinimumVisualStudioVersion = 10.0.40219.1
Project("{888888A0-9F3D-457C-B088-3A5042F75D52}") = "EnhancedMapConverter", "EnhancedMapConverter\EnhancedMapConverter.pyproj", "{332E2632-82B2-4AD8-B81E-7E2E8EFC1D2C}"
EndProject
Global
	GlobalSection(SolutionConfigurationPlatforms) = preSolution
		Debug|Any CPU = Debug|Any CPU
		Release|Any CPU = Release|Any CPU
	EndGlobalSection
	GlobalSection(ProjectConfigurationPlatforms) = postSolution
		{332E2632-82B2-4AD8-B81E-7E2E8EFC1D2C}.Debug|Any CPU.ActiveCfg = Debug|Any CPU
		{332E2632-82B2-4AD8-B81E-7E2E8EFC1D2C}.Release|Any CPU.ActiveCfg = Release|Any CPU
	EndGlobalSection
	GlobalSection(SolutionProperties) = preSolution
		HideSolutionNode = FALSE
	EndGlobalSection
	GlobalSection(ExtensibilityGlobals) = postSolution
		SolutionGuid = {769D60CB-9BE3-4972-8666-6B43F9C6E76C}
	EndGlobalSection
EndGlobal
